
Microsoft Visual Studio Solution File, Format Version 12.00
# Visual Studio Version 17
VisualStudioVersion = 17.10.34916.146
MinimumVisualStudioVersion = 10.0.40219.1
Project("{FAE04EC0-301F-11D3-BF4B-00C04F79EFBC}") = "DataIngestion_APPS", "DataIngestion_APPS.csproj", "{ADF8BDCC-F9AD-45F9-B29C-20B4F5AEA762}"
EndProject
Global
	GlobalSection(SolutionConfigurationPlatforms) = preSolution
		Debug|Any CPU = Debug|Any CPU
		Release|Any CPU = Release|Any CPU
	EndGlobalSection
	GlobalSection(ProjectConfigurationPlatforms) = postSolution
		{ADF8BDCC-F9AD-45F9-B29C-20B4F5AEA762}.Debug|Any CPU.ActiveCfg = Debug|Any CPU
		{ADF8BDCC-F9AD-45F9-B29C-20B4F5AEA762}.Debug|Any CPU.Build.0 = Debug|Any CPU
		{ADF8BDCC-F9AD-45F9-B29C-20B4F5AEA762}.Release|Any CPU.ActiveCfg = Release|Any CPU
		{ADF8BDCC-F9AD-45F9-B29C-20B4F5AEA762}.Release|Any CPU.Build.0 = Release|Any CPU
	EndGlobalSection
	GlobalSection(SolutionProperties) = preSolution
		HideSolutionNode = FALSE
	EndGlobalSection
	GlobalSection(ExtensibilityGlobals) = postSolution
		SolutionGuid = {E75A4A1F-D2E9-47AC-9617-323E12BDD3BB}
	EndGlobalSection
EndGlobal
